// !$*UTF8*$!
{
	archiveVersion = 1;
	classes = {
	};
	objectVersion = 46;
	objects = {

/* Begin PBXBuildFile section */
		031D50621D74514400737732 /* AppDelegate.swift in Sources */ = {isa = PBXBuildFile; fileRef = 031D50611D74514400737732 /* AppDelegate.swift */; };
		031D50671D74514400737732 /* Main.storyboard in Resources */ = {isa = PBXBuildFile; fileRef = 031D50651D74514400737732 /* Main.storyboard */; };
		031D50691D74514400737732 /* Assets.xcassets in Resources */ = {isa = PBXBuildFile; fileRef = 031D50681D74514400737732 /* Assets.xcassets */; };
		031D506C1D74514400737732 /* LaunchScreen.storyboard in Resources */ = {isa = PBXBuildFile; fileRef = 031D506A1D74514400737732 /* LaunchScreen.storyboard */; };
		031D50771D74514400737732 /* SetOfPracticeTests.swift in Sources */ = {isa = PBXBuildFile; fileRef = 031D50761D74514400737732 /* SetOfPracticeTests.swift */; };
		031D50821D74514400737732 /* SetOfPracticeUITests.swift in Sources */ = {isa = PBXBuildFile; fileRef = 031D50811D74514400737732 /* SetOfPracticeUITests.swift */; };
		031D50911D74519F00737732 /* MainTableViewController.swift in Sources */ = {isa = PBXBuildFile; fileRef = 031D508F1D74519E00737732 /* MainTableViewController.swift */; };
		031D50921D74519F00737732 /* MainTableViewController.swift in Sources */ = {isa = PBXBuildFile; fileRef = 031D508F1D74519E00737732 /* MainTableViewController.swift */; };
		031D50931D74519F00737732 /* MainTableViewController.swift in Sources */ = {isa = PBXBuildFile; fileRef = 031D508F1D74519E00737732 /* MainTableViewController.swift */; };
		031D50941D74519F00737732 /* CalculatorViewController.swift in Sources */ = {isa = PBXBuildFile; fileRef = 031D50901D74519F00737732 /* CalculatorViewController.swift */; };
		031D50951D74519F00737732 /* CalculatorViewController.swift in Sources */ = {isa = PBXBuildFile; fileRef = 031D50901D74519F00737732 /* CalculatorViewController.swift */; };
		031D50961D74519F00737732 /* CalculatorViewController.swift in Sources */ = {isa = PBXBuildFile; fileRef = 031D50901D74519F00737732 /* CalculatorViewController.swift */; };
		03A245C31D90E2AD00392C11 /* CalculatorModel.swift in Sources */ = {isa = PBXBuildFile; fileRef = 03A245C21D90E2AD00392C11 /* CalculatorModel.swift */; };
		03A245C51D90FEBD00392C11 /* CalculatorModel.swift in Sources */ = {isa = PBXBuildFile; fileRef = 03A245C21D90E2AD00392C11 /* CalculatorModel.swift */; };
		03A245C61D90FEBE00392C11 /* CalculatorModel.swift in Sources */ = {isa = PBXBuildFile; fileRef = 03A245C21D90E2AD00392C11 /* CalculatorModel.swift */; };
/* End PBXBuildFile section */

/* Begin PBXContainerItemProxy section */
		031D50731D74514400737732 /* PBXContainerItemProxy */ = {
			isa = PBXContainerItemProxy;
			containerPortal = 031D50561D74514400737732 /* Project object */;
			proxyType = 1;
			remoteGlobalIDString = 031D505D1D74514400737732;
			remoteInfo = SetOfPractice;
		};
		031D507E1D74514400737732 /* PBXContainerItemProxy */ = {
			isa = PBXContainerItemProxy;
			containerPortal = 031D50561D74514400737732 /* Project object */;
			proxyType = 1;
			remoteGlobalIDString = 031D505D1D74514400737732;
			remoteInfo = SetOfPractice;
		};
/* End PBXContainerItemProxy section */

/* Begin PBXFileReference section */
		031D505E1D74514400737732 /* SetOfPractice.app */ = {isa = PBXFileReference; explicitFileType = wrapper.application; includeInIndex = 0; path = SetOfPractice.app; sourceTree = BUILT_PRODUCTS_DIR; };
		031D50611D74514400737732 /* AppDelegate.swift */ = {isa = PBXFileReference; lastKnownFileType = sourcecode.swift; path = AppDelegate.swift; sourceTree = "<group>"; };
		031D50661D74514400737732 /* Base */ = {isa = PBXFileReference; lastKnownFileType = file.storyboard; name = Base; path = Base.lproj/Main.storyboard; sourceTree = "<group>"; };
		031D50681D74514400737732 /* Assets.xcassets */ = {isa = PBXFileReference; lastKnownFileType = folder.assetcatalog; path = Assets.xcassets; sourceTree = "<group>"; };
		031D506B1D74514400737732 /* Base */ = {isa = PBXFileReference; lastKnownFileType = file.storyboard; name = Base; path = Base.lproj/LaunchScreen.storyboard; sourceTree = "<group>"; };
		031D506D1D74514400737732 /* Info.plist */ = {isa = PBXFileReference; lastKnownFileType = text.plist.xml; path = Info.plist; sourceTree = "<group>"; };
		031D50721D74514400737732 /* SetOfPracticeTests.xctest */ = {isa = PBXFileReference; explicitFileType = wrapper.cfbundle; includeInIndex = 0; path = SetOfPracticeTests.xctest; sourceTree = BUILT_PRODUCTS_DIR; };
		031D50761D74514400737732 /* SetOfPracticeTests.swift */ = {isa = PBXFileReference; lastKnownFileType = sourcecode.swift; path = SetOfPracticeTests.swift; sourceTree = "<group>"; };
		031D50781D74514400737732 /* Info.plist */ = {isa = PBXFileReference; lastKnownFileType = text.plist.xml; path = Info.plist; sourceTree = "<group>"; };
		031D507D1D74514400737732 /* SetOfPracticeUITests.xctest */ = {isa = PBXFileReference; explicitFileType = wrapper.cfbundle; includeInIndex = 0; path = SetOfPracticeUITests.xctest; sourceTree = BUILT_PRODUCTS_DIR; };
		031D50811D74514400737732 /* SetOfPracticeUITests.swift */ = {isa = PBXFileReference; lastKnownFileType = sourcecode.swift; path = SetOfPracticeUITests.swift; sourceTree = "<group>"; };
		031D50831D74514400737732 /* Info.plist */ = {isa = PBXFileReference; lastKnownFileType = text.plist.xml; path = Info.plist; sourceTree = "<group>"; };
		031D508F1D74519E00737732 /* MainTableViewController.swift */ = {isa = PBXFileReference; fileEncoding = 4; lastKnownFileType = sourcecode.swift; path = MainTableViewController.swift; sourceTree = "<group>"; };
		031D50901D74519F00737732 /* CalculatorViewController.swift */ = {isa = PBXFileReference; fileEncoding = 4; lastKnownFileType = sourcecode.swift; path = CalculatorViewController.swift; sourceTree = "<group>"; };
		03A245C21D90E2AD00392C11 /* CalculatorModel.swift */ = {isa = PBXFileReference; fileEncoding = 4; lastKnownFileType = sourcecode.swift; path = CalculatorModel.swift; sourceTree = "<group>"; };
/* End PBXFileReference section */

/* Begin PBXFrameworksBuildPhase section */
		031D505B1D74514400737732 /* Frameworks */ = {
			isa = PBXFrameworksBuildPhase;
			buildActionMask = 2147483647;
			files = (
			);
			runOnlyForDeploymentPostprocessing = 0;
		};
		031D506F1D74514400737732 /* Frameworks */ = {
			isa = PBXFrameworksBuildPhase;
			buildActionMask = 2147483647;
			files = (
			);
			runOnlyForDeploymentPostprocessing = 0;
		};
		031D507A1D74514400737732 /* Frameworks */ = {
			isa = PBXFrameworksBuildPhase;
			buildActionMask = 2147483647;
			files = (
			);
			runOnlyForDeploymentPostprocessing = 0;
		};
/* End PBXFrameworksBuildPhase section */

/* Begin PBXGroup section */
		031D50551D74514400737732 = {
			isa = PBXGroup;
			children = (
				031D50601D74514400737732 /* SetOfPractice */,
				031D50751D74514400737732 /* SetOfPracticeTests */,
				031D50801D74514400737732 /* SetOfPracticeUITests */,
				031D505F1D74514400737732 /* Products */,
			);
			sourceTree = "<group>";
		};
		031D505F1D74514400737732 /* Products */ = {
			isa = PBXGroup;
			children = (
				031D505E1D74514400737732 /* SetOfPractice.app */,
				031D50721D74514400737732 /* SetOfPracticeTests.xctest */,
				031D507D1D74514400737732 /* SetOfPracticeUITests.xctest */,
			);
			name = Products;
			sourceTree = "<group>";
		};
		031D50601D74514400737732 /* SetOfPractice */ = {
			isa = PBXGroup;
			children = (
				031D50611D74514400737732 /* AppDelegate.swift */,
				031D508F1D74519E00737732 /* MainTableViewController.swift */,
				03A245C41D90E2B900392C11 /* CalculatorBasicProject */,
				031D50651D74514400737732 /* Main.storyboard */,
				031D50681D74514400737732 /* Assets.xcassets */,
				031D506A1D74514400737732 /* LaunchScreen.storyboard */,
				031D506D1D74514400737732 /* Info.plist */,
			);
			path = SetOfPractice;
			sourceTree = "<group>";
		};
		031D50751D74514400737732 /* SetOfPracticeTests */ = {
			isa = PBXGroup;
			children = (
				031D50761D74514400737732 /* SetOfPracticeTests.swift */,
				031D50781D74514400737732 /* Info.plist */,
			);
			path = SetOfPracticeTests;
			sourceTree = "<group>";
		};
		031D50801D74514400737732 /* SetOfPracticeUITests */ = {
			isa = PBXGroup;
			children = (
				031D50811D74514400737732 /* SetOfPracticeUITests.swift */,
				031D50831D74514400737732 /* Info.plist */,
			);
			path = SetOfPracticeUITests;
			sourceTree = "<group>";
		};
		03A245C41D90E2B900392C11 /* CalculatorBasicProject */ = {
			isa = PBXGroup;
			children = (
				031D50901D74519F00737732 /* CalculatorViewController.swift */,
				03A245C21D90E2AD00392C11 /* CalculatorModel.swift */,
			);
			name = CalculatorBasicProject;
			sourceTree = "<group>";
		};
/* End PBXGroup section */

/* Begin PBXNativeTarget section */
		031D505D1D74514400737732 /* SetOfPractice */ = {
			isa = PBXNativeTarget;
			buildConfigurationList = 031D50861D74514400737732 /* Build configuration list for PBXNativeTarget "SetOfPractice" */;
			buildPhases = (
				031D505A1D74514400737732 /* Sources */,
				031D505B1D74514400737732 /* Frameworks */,
				031D505C1D74514400737732 /* Resources */,
			);
			buildRules = (
			);
			dependencies = (
			);
			name = SetOfPractice;
			productName = SetOfPractice;
			productReference = 031D505E1D74514400737732 /* SetOfPractice.app */;
			productType = "com.apple.product-type.application";
		};
		031D50711D74514400737732 /* SetOfPracticeTests */ = {
			isa = PBXNativeTarget;
			buildConfigurationList = 031D50891D74514400737732 /* Build configuration list for PBXNativeTarget "SetOfPracticeTests" */;
			buildPhases = (
				031D506E1D74514400737732 /* Sources */,
				031D506F1D74514400737732 /* Frameworks */,
				031D50701D74514400737732 /* Resources */,
			);
			buildRules = (
			);
			dependencies = (
				031D50741D74514400737732 /* PBXTargetDependency */,
			);
			name = SetOfPracticeTests;
			productName = SetOfPracticeTests;
			productReference = 031D50721D74514400737732 /* SetOfPracticeTests.xctest */;
			productType = "com.apple.product-type.bundle.unit-test";
		};
		031D507C1D74514400737732 /* SetOfPracticeUITests */ = {
			isa = PBXNativeTarget;
			buildConfigurationList = 031D508C1D74514400737732 /* Build configuration list for PBXNativeTarget "SetOfPracticeUITests" */;
			buildPhases = (
				031D50791D74514400737732 /* Sources */,
				031D507A1D74514400737732 /* Frameworks */,
				031D507B1D74514400737732 /* Resources */,
			);
			buildRules = (
			);
			dependencies = (
				031D507F1D74514400737732 /* PBXTargetDependency */,
			);
			name = SetOfPracticeUITests;
			productName = SetOfPracticeUITests;
			productReference = 031D507D1D74514400737732 /* SetOfPracticeUITests.xctest */;
			productType = "com.apple.product-type.bundle.ui-testing";
		};
/* End PBXNativeTarget section */

/* Begin PBXProject section */
		031D50561D74514400737732 /* Project object */ = {
			isa = PBXProject;
			attributes = {
				LastSwiftUpdateCheck = 0730;
				LastUpgradeCheck = 0730;
				ORGANIZATIONNAME = baecheese;
				TargetAttributes = {
					031D505D1D74514400737732 = {
						CreatedOnToolsVersion = 7.3.1;
						LastSwiftMigration = 0800;
					};
					031D50711D74514400737732 = {
						CreatedOnToolsVersion = 7.3.1;
						LastSwiftMigration = 0800;
						TestTargetID = 031D505D1D74514400737732;
					};
					031D507C1D74514400737732 = {
						CreatedOnToolsVersion = 7.3.1;
						LastSwiftMigration = 0800;
						TestTargetID = 031D505D1D74514400737732;
					};
				};
			};
			buildConfigurationList = 031D50591D74514400737732 /* Build configuration list for PBXProject "SetOfPractice" */;
			compatibilityVersion = "Xcode 3.2";
			developmentRegion = English;
			hasScannedForEncodings = 0;
			knownRegions = (
				en,
				Base,
			);
			mainGroup = 031D50551D74514400737732;
			productRefGroup = 031D505F1D74514400737732 /* Products */;
			projectDirPath = "";
			projectRoot = "";
			targets = (
				031D505D1D74514400737732 /* SetOfPractice */,
				031D50711D74514400737732 /* SetOfPracticeTests */,
				031D507C1D74514400737732 /* SetOfPracticeUITests */,
			);
		};
/* End PBXProject section */

/* Begin PBXResourcesBuildPhase section */
		031D505C1D74514400737732 /* Resources */ = {
			isa = PBXResourcesBuildPhase;
			buildActionMask = 2147483647;
			files = (
				031D506C1D74514400737732 /* LaunchScreen.storyboard in Resources */,
				031D50691D74514400737732 /* Assets.xcassets in Resources */,
				031D50671D74514400737732 /* Main.storyboard in Resources */,
			);
			runOnlyForDeploymentPostprocessing = 0;
		};
		031D50701D74514400737732 /* Resources */ = {
			isa = PBXResourcesBuildPhase;
			buildActionMask = 2147483647;
			files = (
			);
			runOnlyForDeploymentPostprocessing = 0;
		};
		031D507B1D74514400737732 /* Resources */ = {
			isa = PBXResourcesBuildPhase;
			buildActionMask = 2147483647;
			files = (
			);
			runOnlyForDeploymentPostprocessing = 0;
		};
/* End PBXResourcesBuildPhase section */

/* Begin PBXSourcesBuildPhase section */
		031D505A1D74514400737732 /* Sources */ = {
			isa = PBXSourcesBuildPhase;
			buildActionMask = 2147483647;
			files = (
				031D50911D74519F00737732 /* MainTableViewController.swift in Sources */,
				031D50941D74519F00737732 /* CalculatorViewController.swift in Sources */,
				031D50621D74514400737732 /* AppDelegate.swift in Sources */,
				03A245C31D90E2AD00392C11 /* CalculatorModel.swift in Sources */,
			);
			runOnlyForDeploymentPostprocessing = 0;
		};
		031D506E1D74514400737732 /* Sources */ = {
			isa = PBXSourcesBuildPhase;
			buildActionMask = 2147483647;
			files = (
				031D50921D74519F00737732 /* MainTableViewController.swift in Sources */,
				031D50951D74519F00737732 /* CalculatorViewController.swift in Sources */,
				031D50771D74514400737732 /* SetOfPracticeTests.swift in Sources */,
				03A245C51D90FEBD00392C11 /* CalculatorModel.swift in Sources */,
			);
			runOnlyForDeploymentPostprocessing = 0;
		};
		031D50791D74514400737732 /* Sources */ = {
			isa = PBXSourcesBuildPhase;
			buildActionMask = 2147483647;
			files = (
				031D50931D74519F00737732 /* MainTableViewController.swift in Sources */,
				031D50961D74519F00737732 /* CalculatorViewController.swift in Sources */,
				031D50821D74514400737732 /* SetOfPracticeUITests.swift in Sources */,
				03A245C61D90FEBE00392C11 /* CalculatorModel.swift in Sources */,
			);
			runOnlyForDeploymentPostprocessing = 0;
		};
/* End PBXSourcesBuildPhase section */

/* Begin PBXTargetDependency section */
		031D50741D74514400737732 /* PBXTargetDependency */ = {
			isa = PBXTargetDependency;
			target = 031D505D1D74514400737732 /* SetOfPractice */;
			targetProxy = 031D50731D74514400737732 /* PBXContainerItemProxy */;
		};
		031D507F1D74514400737732 /* PBXTargetDependency */ = {
			isa = PBXTargetDependency;
			target = 031D505D1D74514400737732 /* SetOfPractice */;
			targetProxy = 031D507E1D74514400737732 /* PBXContainerItemProxy */;
		};
/* End PBXTargetDependency section */

/* Begin PBXVariantGroup section */
		031D50651D74514400737732 /* Main.storyboard */ = {
			isa = PBXVariantGroup;
			children = (
				031D50661D74514400737732 /* Base */,
			);
			name = Main.storyboard;
			sourceTree = "<group>";
		};
		031D506A1D74514400737732 /* LaunchScreen.storyboard */ = {
			isa = PBXVariantGroup;
			children = (
				031D506B1D74514400737732 /* Base */,
			);
			name = LaunchScreen.storyboard;
			sourceTree = "<group>";
		};
/* End PBXVariantGroup section */

/* Begin XCBuildConfiguration section */
		031D50841D74514400737732 /* Debug */ = {
			isa = XCBuildConfiguration;
			buildSettings = {
				ALWAYS_SEARCH_USER_PATHS = NO;
				CLANG_ANALYZER_NONNULL = YES;
				CLANG_CXX_LANGUAGE_STANDARD = "gnu++0x";
				CLANG_CXX_LIBRARY = "libc++";
				CLANG_ENABLE_MODULES = YES;
				CLANG_ENABLE_OBJC_ARC = YES;
				CLANG_WARN_BOOL_CONVERSION = YES;
				CLANG_WARN_CONSTANT_CONVERSION = YES;
				CLANG_WARN_DIRECT_OBJC_ISA_USAGE = YES_ERROR;
				CLANG_WARN_EMPTY_BODY = YES;
				CLANG_WARN_ENUM_CONVERSION = YES;
				CLANG_WARN_INT_CONVERSION = YES;
				CLANG_WARN_OBJC_ROOT_CLASS = YES_ERROR;
				CLANG_WARN_UNREACHABLE_CODE = YES;
				CLANG_WARN__DUPLICATE_METHOD_MATCH = YES;
				"CODE_SIGN_IDENTITY[sdk=iphoneos*]" = "iPhone Developer";
				COPY_PHASE_STRIP = NO;
				DEBUG_INFORMATION_FORMAT = dwarf;
				ENABLE_STRICT_OBJC_MSGSEND = YES;
				ENABLE_TESTABILITY = YES;
				GCC_C_LANGUAGE_STANDARD = gnu99;
				GCC_DYNAMIC_NO_PIC = NO;
				GCC_NO_COMMON_BLOCKS = YES;
				GCC_OPTIMIZATION_LEVEL = 0;
				GCC_PREPROCESSOR_DEFINITIONS = (
					"DEBUG=1",
					"$(inherited)",
				);
				GCC_WARN_64_TO_32_BIT_CONVERSION = YES;
				GCC_WARN_ABOUT_RETURN_TYPE = YES_ERROR;
				GCC_WARN_UNDECLARED_SELECTOR = YES;
				GCC_WARN_UNINITIALIZED_AUTOS = YES_AGGRESSIVE;
				GCC_WARN_UNUSED_FUNCTION = YES;
				GCC_WARN_UNUSED_VARIABLE = YES;
				IPHONEOS_DEPLOYMENT_TARGET = 9.3;
				MTL_ENABLE_DEBUG_INFO = YES;
				ONLY_ACTIVE_ARCH = YES;
				SDKROOT = iphoneos;
				SWIFT_OPTIMIZATION_LEVEL = "-Onone";
			};
			name = Debug;
		};
		031D50851D74514400737732 /* Release */ = {
			isa = XCBuildConfiguration;
			buildSettings = {
				ALWAYS_SEARCH_USER_PATHS = NO;
				CLANG_ANALYZER_NONNULL = YES;
				CLANG_CXX_LANGUAGE_STANDARD = "gnu++0x";
				CLANG_CXX_LIBRARY = "libc++";
				CLANG_ENABLE_MODULES = YES;
				CLANG_ENABLE_OBJC_ARC = YES;
				CLANG_WARN_BOOL_CONVERSION = YES;
				CLANG_WARN_CONSTANT_CONVERSION = YES;
				CLANG_WARN_DIRECT_OBJC_ISA_USAGE = YES_ERROR;
				CLANG_WARN_EMPTY_BODY = YES;
				CLANG_WARN_ENUM_CONVERSION = YES;
				CLANG_WARN_INT_CONVERSION = YES;
				CLANG_WARN_OBJC_ROOT_CLASS = YES_ERROR;
				CLANG_WARN_UNREACHABLE_CODE = YES;
				CLANG_WARN__DUPLICATE_METHOD_MATCH = YES;
				"CODE_SIGN_IDENTITY[sdk=iphoneos*]" = "iPhone Developer";
				COPY_PHASE_STRIP = NO;
				DEBUG_INFORMATION_FORMAT = "dwarf-with-dsym";
				ENABLE_NS_ASSERTIONS = NO;
				ENABLE_STRICT_OBJC_MSGSEND = YES;
				GCC_C_LANGUAGE_STANDARD = gnu99;
				GCC_NO_COMMON_BLOCKS = YES;
				GCC_WARN_64_TO_32_BIT_CONVERSION = YES;
				GCC_WARN_ABOUT_RETURN_TYPE = YES_ERROR;
				GCC_WARN_UNDECLARED_SELECTOR = YES;
				GCC_WARN_UNINITIALIZED_AUTOS = YES_AGGRESSIVE;
				GCC_WARN_UNUSED_FUNCTION = YES;
				GCC_WARN_UNUSED_VARIABLE = YES;
				IPHONEOS_DEPLOYMENT_TARGET = 9.3;
				MTL_ENABLE_DEBUG_INFO = NO;
				SDKROOT = iphoneos;
				VALIDATE_PRODUCT = YES;
			};
			name = Release;
		};
		031D50871D74514400737732 /* Debug */ = {
			isa = XCBuildConfiguration;
			buildSettings = {
				ASSETCATALOG_COMPILER_APPICON_NAME = AppIcon;
				INFOPLIST_FILE = SetOfPractice/Info.plist;
				LD_RUNPATH_SEARCH_PATHS = "$(inherited) @executable_path/Frameworks";
				PRODUCT_BUNDLE_IDENTIFIER = com.baecheese.SetOfPractice;
				PRODUCT_NAME = "$(TARGET_NAME)";
				SWIFT_VERSION = 3.0;
			};
			name = Debug;
		};
		031D50881D74514400737732 /* Release */ = {
			isa = XCBuildConfiguration;
			buildSettings = {
				ASSETCATALOG_COMPILER_APPICON_NAME = AppIcon;
				INFOPLIST_FILE = SetOfPractice/Info.plist;
				LD_RUNPATH_SEARCH_PATHS = "$(inherited) @executable_path/Frameworks";
				PRODUCT_BUNDLE_IDENTIFIER = com.baecheese.SetOfPractice;
				PRODUCT_NAME = "$(TARGET_NAME)";
				SWIFT_VERSION = 3.0;
			};
			name = Release;
		};
		031D508A1D74514400737732 /* Debug */ = {
			isa = XCBuildConfiguration;
			buildSettings = {
				BUNDLE_LOADER = "$(TEST_HOST)";
				INFOPLIST_FILE = SetOfPracticeTests/Info.plist;
				LD_RUNPATH_SEARCH_PATHS = "$(inherited) @executable_path/Frameworks @loader_path/Frameworks";
				PRODUCT_BUNDLE_IDENTIFIER = com.baecheese.SetOfPracticeTests;
				PRODUCT_NAME = "$(TARGET_NAME)";
				SWIFT_VERSION = 3.0;
				TEST_HOST = "$(BUILT_PRODUCTS_DIR)/SetOfPractice.app/SetOfPractice";
			};
			name = Debug;
		};
		031D508B1D74514400737732 /* Release */ = {
			isa = XCBuildConfiguration;
			buildSettings = {
				BUNDLE_LOADER = "$(TEST_HOST)";
				INFOPLIST_FILE = SetOfPracticeTests/Info.plist;
				LD_RUNPATH_SEARCH_PATHS = "$(inherited) @executable_path/Frameworks @loader_path/Frameworks";
				PRODUCT_BUNDLE_IDENTIFIER = com.baecheese.SetOfPracticeTests;
				PRODUCT_NAME = "$(TARGET_NAME)";
				SWIFT_VERSION = 3.0;
				TEST_HOST = "$(BUILT_PRODUCTS_DIR)/SetOfPractice.app/SetOfPractice";
			};
			name = Release;
		};
		031D508D1D74514400737732 /* Debug */ = {
			isa = XCBuildConfiguration;
			buildSettings = {
				INFOPLIST_FILE = SetOfPracticeUITests/Info.plist;
				LD_RUNPATH_SEARCH_PATHS = "$(inherited) @executable_path/Frameworks @loader_path/Frameworks";
				PRODUCT_BUNDLE_IDENTIFIER = com.baecheese.SetOfPracticeUITests;
				PRODUCT_NAME = "$(TARGET_NAME)";
				SWIFT_VERSION = 3.0;
				TEST_TARGET_NAME = SetOfPractice;
			};
			name = Debug;
		};
		031D508E1D74514400737732 /* Release */ = {
			isa = XCBuildConfiguration;
			buildSettings = {
				INFOPLIST_FILE = SetOfPracticeUITests/Info.plist;
				LD_RUNPATH_SEARCH_PATHS = "$(inherited) @executable_path/Frameworks @loader_path/Frameworks";
				PRODUCT_BUNDLE_IDENTIFIER = com.baecheese.SetOfPracticeUITests;
				PRODUCT_NAME = "$(TARGET_NAME)";
				SWIFT_VERSION = 3.0;
				TEST_TARGET_NAME = SetOfPractice;
			};
			name = Release;
		};
/* End XCBuildConfiguration section */

/* Begin XCConfigurationList section */
		031D50591D74514400737732 /* Build configuration list for PBXProject "SetOfPractice" */ = {
			isa = XCConfigurationList;
			buildConfigurations = (
				031D50841D74514400737732 /* Debug */,
				031D50851D74514400737732 /* Release */,
			);
			defaultConfigurationIsVisible = 0;
			defaultConfigurationName = Release;
		};
		031D50861D74514400737732 /* Build configuration list for PBXNativeTarget "SetOfPractice" */ = {
			isa = XCConfigurationList;
			buildConfigurations = (
				031D50871D74514400737732 /* Debug */,
				031D50881D74514400737732 /* Release */,
			);
			defaultConfigurationIsVisible = 0;
			defaultConfigurationName = Release;
		};
		031D50891D74514400737732 /* Build configuration list for PBXNativeTarget "SetOfPracticeTests" */ = {
			isa = XCConfigurationList;
			buildConfigurations = (
				031D508A1D74514400737732 /* Debug */,
				031D508B1D74514400737732 /* Release */,
			);
			defaultConfigurationIsVisible = 0;
			defaultConfigurationName = Release;
		};
		031D508C1D74514400737732 /* Build configuration list for PBXNativeTarget "SetOfPracticeUITests" */ = {
			isa = XCConfigurationList;
			buildConfigurations = (
				031D508D1D74514400737732 /* Debug */,
				031D508E1D74514400737732 /* Release */,
			);
			defaultConfigurationIsVisible = 0;
			defaultConfigurationName = Release;
		};
/* End XCConfigurationList section */
	};
	rootObject = 031D50561D74514400737732 /* Project object */;
}
